
Microsoft Visual Studio Solution File, Format Version 12.00
# Visual Studio Version 17
VisualStudioVersion = 17.8.34511.84
MinimumVisualStudioVersion = 10.0.40219.1
Project("{FAE04EC0-301F-11D3-BF4B-00C04F79EFBC}") = "Week10Inventory", "Week10Inventory\Week10Inventory.csproj", "{F32DE692-0C79-444F-9C75-51B19FE1346D}"
EndProject
Global
	GlobalSection(SolutionConfigurationPlatforms) = preSolution
		Debug|Any CPU = Debug|Any CPU
		Release|Any CPU = Release|Any CPU
	EndGlobalSection
	GlobalSection(ProjectConfigurationPlatforms) = postSolution
		{F32DE692-0C79-444F-9C75-51B19FE1346D}.Debug|Any CPU.ActiveCfg = Debug|Any CPU
		{F32DE692-0C79-444F-9C75-51B19FE1346D}.Debug|Any CPU.Build.0 = Debug|Any CPU
		{F32DE692-0C79-444F-9C75-51B19FE1346D}.Release|Any CPU.ActiveCfg = Release|Any CPU
		{F32DE692-0C79-444F-9C75-51B19FE1346D}.Release|Any CPU.Build.0 = Release|Any CPU
	EndGlobalSection
	GlobalSection(SolutionProperties) = preSolution
		HideSolutionNode = FALSE
	EndGlobalSection
	GlobalSection(ExtensibilityGlobals) = postSolution
		SolutionGuid = {69306F44-927D-4B54-81D3-517C46E69062}
	EndGlobalSection
EndGlobal
